<?xml version="1.0" encoding="utf-8"?>
<Project ToolsVersion="4.0" xmlns="http://schemas.microsoft.com/developer/msbuild/2003">
  <ItemGroup>
    <Filter Include="源文件">
      <UniqueIdentifier>{4FC737F1-C7A5-4376-A066-2A32D752A2FF}</UniqueIdentifier>
      <Extensions>cpp;c;cc;cxx;def;odl;idl;hpj;bat;asm;asmx</Extensions>
    </Filter>
    <Filter Include="头文件">
      <UniqueIdentifier>{93995380-89BD-4b04-88EB-625FBE52EBFB}</UniqueIdentifier>
      <Extensions>h;hh;hpp;hxx;hm;inl;inc;xsd</Extensions>
    </Filter>
    <Filter Include="资源文件">
      <UniqueIdentifier>{67DA6AB6-F800-4c08-8B7A-83BB121AAD01}</UniqueIdentifier>
      <Extensions>rc;ico;cur;bmp;dlg;rc2;rct;bin;rgs;gif;jpg;jpeg;jpe;resx;tiff;tif;png;wav;mfcribbon-ms</Extensions>
    </Filter>
  </ItemGroup>
  <ItemGroup>
    <ClCompile Include="src\appmain.cpp">
      <Filter>源文件</Filter>
    </ClCompile>
    <ClCompile Include="src\main.cpp">
      <Filter>源文件</Filter>
    </ClCompile>
    <ClCompile Include="src\sqlite3.c">
      <Filter>源文件</Filter>
    </ClCompile>
    <ClCompile Include="src\MD5.cpp">
      <Filter>源文件</Filter>
    </ClCompile>
    <ClCompile Include="src\ComputerId.cpp">
      <Filter>源文件</Filter>
    </ClCompile>
  </ItemGroup>
  <ItemGroup>
    <ClInclude Include="src\APPINFO.h">
      <Filter>头文件</Filter>
    </ClInclude>
    <ClInclude Include="src\json.hpp">
      <Filter>头文件</Filter>
    </ClInclude>
    <ClInclude Include="src\sqlite3.h">
      <Filter>头文件</Filter>
    </ClInclude>
    <ClInclude Include="src\mysql.hpp">
      <Filter>头文件</Filter>
    </ClInclude>
    <ClInclude Include="src\MD5.h">
      <Filter>头文件</Filter>
    </ClInclude>
    <ClInclude Include="resource.h">
      <Filter>头文件</Filter>
    </ClInclude>
    <ClInclude Include="src\FreeResFile.hpp">
      <Filter>头文件</Filter>
    </ClInclude>
    <ClInclude Include="src\Fun.hpp">
      <Filter>头文件</Filter>
    </ClInclude>
    <ClInclude Include="src\appInf.h">
      <Filter>头文件</Filter>
    </ClInclude>
  </ItemGroup>
  <ItemGroup>
    <None Include="cn.xiaoxiaoge.Market.json" />
    <None Include="dll4.bin">
      <Filter>资源文件</Filter>
    </None>
    <None Include="..\File\bin\libcurl.dll" />
    <None Include="..\File\bin\libssl-1_1.dll" />
    <None Include="..\File\MarketWin.exe" />
    <None Include="..\File\bin\MySql.dll" />
    <None Include="..\File\bin\mysqlcppconn-7-vs14.dll" />
    <None Include="..\File\sqldrivers\qsqlite.dll" />
    <None Include="..\File\bin\Qt5Core.dll" />
    <None Include="..\File\bin\Qt5Gui.dll" />
    <None Include="..\File\bin\Qt5Sql.dll" />
    <None Include="..\File\bin\Qt5Widgets.dll" />
    <None Include="..\File\bin\libcrypto-1_1.dll" />
    <None Include="..\File\platforms\qwindows.dll" />
    <None Include="..\File\PHPRun.exe" />
  </ItemGroup>
  <ItemGroup>
    <ResourceCompile Include="cn.xiaoxiaoge.Market.rc">
      <Filter>资源文件</Filter>
    </ResourceCompile>
  </ItemGroup>
</Project>